
Microsoft Visual Studio Solution File, Format Version 12.00
# Visual Studio Version 16
VisualStudioVersion = 16.0.30114.105
MinimumVisualStudioVersion = 10.0.40219.1
Project("{2150E333-8FDC-42A3-9474-1A3956D46DE8}") = "src", "src", "{FE866A31-B636-42A2-BE03-C2A7FA892D3A}"
EndProject
Project("{F2A71F9B-5D33-465A-A702-920D77279786}") = "FSharp.Data.Migrations", "src\FSharp.Data.Migrations\FSharp.Data.Migrations.fsproj", "{285A865E-0977-4512-9D0D-EE97D02F723C}"
EndProject
Project("{F2A71F9B-5D33-465A-A702-920D77279786}") = "Console", "src\Console\Console.fsproj", "{8246D22C-2F79-499B-8668-1D9E68BF2FD1}"
EndProject
Global
	GlobalSection(SolutionConfigurationPlatforms) = preSolution
		Debug|Any CPU = Debug|Any CPU
		Debug|x64 = Debug|x64
		Debug|x86 = Debug|x86
		Release|Any CPU = Release|Any CPU
		Release|x64 = Release|x64
		Release|x86 = Release|x86
	EndGlobalSection
	GlobalSection(SolutionProperties) = preSolution
		HideSolutionNode = FALSE
	EndGlobalSection
	GlobalSection(ProjectConfigurationPlatforms) = postSolution
		{285A865E-0977-4512-9D0D-EE97D02F723C}.Debug|Any CPU.ActiveCfg = Debug|Any CPU
		{285A865E-0977-4512-9D0D-EE97D02F723C}.Debug|Any CPU.Build.0 = Debug|Any CPU
		{285A865E-0977-4512-9D0D-EE97D02F723C}.Debug|x64.ActiveCfg = Debug|Any CPU
		{285A865E-0977-4512-9D0D-EE97D02F723C}.Debug|x64.Build.0 = Debug|Any CPU
		{285A865E-0977-4512-9D0D-EE97D02F723C}.Debug|x86.ActiveCfg = Debug|Any CPU
		{285A865E-0977-4512-9D0D-EE97D02F723C}.Debug|x86.Build.0 = Debug|Any CPU
		{285A865E-0977-4512-9D0D-EE97D02F723C}.Release|Any CPU.ActiveCfg = Release|Any CPU
		{285A865E-0977-4512-9D0D-EE97D02F723C}.Release|Any CPU.Build.0 = Release|Any CPU
		{285A865E-0977-4512-9D0D-EE97D02F723C}.Release|x64.ActiveCfg = Release|Any CPU
		{285A865E-0977-4512-9D0D-EE97D02F723C}.Release|x64.Build.0 = Release|Any CPU
		{285A865E-0977-4512-9D0D-EE97D02F723C}.Release|x86.ActiveCfg = Release|Any CPU
		{285A865E-0977-4512-9D0D-EE97D02F723C}.Release|x86.Build.0 = Release|Any CPU
		{8246D22C-2F79-499B-8668-1D9E68BF2FD1}.Debug|Any CPU.ActiveCfg = Debug|Any CPU
		{8246D22C-2F79-499B-8668-1D9E68BF2FD1}.Debug|Any CPU.Build.0 = Debug|Any CPU
		{8246D22C-2F79-499B-8668-1D9E68BF2FD1}.Debug|x64.ActiveCfg = Debug|Any CPU
		{8246D22C-2F79-499B-8668-1D9E68BF2FD1}.Debug|x64.Build.0 = Debug|Any CPU
		{8246D22C-2F79-499B-8668-1D9E68BF2FD1}.Debug|x86.ActiveCfg = Debug|Any CPU
		{8246D22C-2F79-499B-8668-1D9E68BF2FD1}.Debug|x86.Build.0 = Debug|Any CPU
		{8246D22C-2F79-499B-8668-1D9E68BF2FD1}.Release|Any CPU.ActiveCfg = Release|Any CPU
		{8246D22C-2F79-499B-8668-1D9E68BF2FD1}.Release|Any CPU.Build.0 = Release|Any CPU
		{8246D22C-2F79-499B-8668-1D9E68BF2FD1}.Release|x64.ActiveCfg = Release|Any CPU
		{8246D22C-2F79-499B-8668-1D9E68BF2FD1}.Release|x64.Build.0 = Release|Any CPU
		{8246D22C-2F79-499B-8668-1D9E68BF2FD1}.Release|x86.ActiveCfg = Release|Any CPU
		{8246D22C-2F79-499B-8668-1D9E68BF2FD1}.Release|x86.Build.0 = Release|Any CPU
	EndGlobalSection
	GlobalSection(NestedProjects) = preSolution
		{285A865E-0977-4512-9D0D-EE97D02F723C} = {FE866A31-B636-42A2-BE03-C2A7FA892D3A}
		{8246D22C-2F79-499B-8668-1D9E68BF2FD1} = {FE866A31-B636-42A2-BE03-C2A7FA892D3A}
	EndGlobalSection
EndGlobal
